<?xml version="1.0" encoding="utf-8"?>
<Project ToolsVersion="4.0" xmlns="http://schemas.microsoft.com/developer/msbuild/2003">
  <ItemGroup>
    <ClCompile Include="src\main.cpp">
      <Filter>src</Filter>
    </ClCompile>
    <ClCompile Include="src\World.cpp">
      <Filter>src</Filter>
    </ClCompile>
    <ClCompile Include="src\RenderSystem.cpp">
      <Filter>src\systems</Filter>
    </ClCompile>
    <ClCompile Include="src\UpdateSystem.cpp">
      <Filter>src\systems</Filter>
    </ClCompile>
    <ClCompile Include="Renderer.cpp">
      <Filter>src\render</Filter>
    </ClCompile>
  </ItemGroup>
  <ItemGroup>
    <ClInclude Include="include\World.h">
      <Filter>include</Filter>
    </ClInclude>
    <ClInclude Include="include\RenderComponents.h">
      <Filter>include\components</Filter>
    </ClInclude>
    <ClInclude Include="include\RenderSystem.h">
      <Filter>include\systems</Filter>
    </ClInclude>
    <ClInclude Include="Renderer.h">
      <Filter>include\render</Filter>
    </ClInclude>
  </ItemGroup>
  <ItemGroup>
    <Filter Include="src">
      <UniqueIdentifier>{8ecc7ca1-a9a6-4b51-8358-053612d8d5ca}</UniqueIdentifier>
    </Filter>
    <Filter Include="src\systems">
      <UniqueIdentifier>{88451fd6-9876-43bd-936c-b05b230c0e62}</UniqueIdentifier>
    </Filter>
    <Filter Include="include">
      <UniqueIdentifier>{1e4ee570-06b1-432c-9a51-1032b961d9f0}</UniqueIdentifier>
    </Filter>
    <Filter Include="include\render">
      <UniqueIdentifier>{866252b2-f413-48db-9e84-87d826ca2398}</UniqueIdentifier>
    </Filter>
    <Filter Include="src\render">
      <UniqueIdentifier>{ed965eb4-5e90-4882-892b-b2f40c1366aa}</UniqueIdentifier>
    </Filter>
    <Filter Include="include\components">
      <UniqueIdentifier>{76506e80-4253-446f-99e4-281f098288fb}</UniqueIdentifier>
    </Filter>
    <Filter Include="include\systems">
      <UniqueIdentifier>{4000d333-8ba7-411d-9c07-a866c764c16c}</UniqueIdentifier>
    </Filter>
  </ItemGroup>
</Project>